
Microsoft Visual Studio Solution File, Format Version 12.00
Project("{FAE04EC0-301F-11D3-BF4B-00C04F79EFBC}") = "Stock", "Stock\Stock.csproj", "{E93EA659-330B-4EDC-AD13-A8040FD707A9}"
EndProject
Project("{FAE04EC0-301F-11D3-BF4B-00C04F79EFBC}") = "Payments", "Payments\Payments.csproj", "{1DCD41CD-6065-41D6-9D33-395831BCC5CC}"
EndProject
Project("{FAE04EC0-301F-11D3-BF4B-00C04F79EFBC}") = "Shop", "Shop\Shop.csproj", "{32E18A91-D65E-4C7B-9025-E60B85C1B7FC}"
EndProject
Project("{2150E333-8FDC-42A3-9474-1A3956D46DE8}") = "Solution Items", "Solution Items", "{3A1E5A64-4CC6-4A62-8AF9-52A5FDD7DE34}"
	ProjectSection(SolutionItems) = preProject
		docker-compose.yml = docker-compose.yml
		prometheus.yml = prometheus.yml
	EndProjectSection
EndProject
Project("{FAE04EC0-301F-11D3-BF4B-00C04F79EFBC}") = "LoadTest", "LoadTest\LoadTest.csproj", "{03109EFC-1417-41B2-87CC-A336538339A9}"
EndProject
Global
	GlobalSection(SolutionConfigurationPlatforms) = preSolution
		Debug|Any CPU = Debug|Any CPU
		Release|Any CPU = Release|Any CPU
	EndGlobalSection
	GlobalSection(ProjectConfigurationPlatforms) = postSolution
		{E93EA659-330B-4EDC-AD13-A8040FD707A9}.Debug|Any CPU.ActiveCfg = Debug|Any CPU
		{E93EA659-330B-4EDC-AD13-A8040FD707A9}.Debug|Any CPU.Build.0 = Debug|Any CPU
		{E93EA659-330B-4EDC-AD13-A8040FD707A9}.Release|Any CPU.ActiveCfg = Release|Any CPU
		{E93EA659-330B-4EDC-AD13-A8040FD707A9}.Release|Any CPU.Build.0 = Release|Any CPU
		{1DCD41CD-6065-41D6-9D33-395831BCC5CC}.Debug|Any CPU.ActiveCfg = Debug|Any CPU
		{1DCD41CD-6065-41D6-9D33-395831BCC5CC}.Debug|Any CPU.Build.0 = Debug|Any CPU
		{1DCD41CD-6065-41D6-9D33-395831BCC5CC}.Release|Any CPU.ActiveCfg = Release|Any CPU
		{1DCD41CD-6065-41D6-9D33-395831BCC5CC}.Release|Any CPU.Build.0 = Release|Any CPU
		{32E18A91-D65E-4C7B-9025-E60B85C1B7FC}.Debug|Any CPU.ActiveCfg = Debug|Any CPU
		{32E18A91-D65E-4C7B-9025-E60B85C1B7FC}.Debug|Any CPU.Build.0 = Debug|Any CPU
		{32E18A91-D65E-4C7B-9025-E60B85C1B7FC}.Release|Any CPU.ActiveCfg = Release|Any CPU
		{32E18A91-D65E-4C7B-9025-E60B85C1B7FC}.Release|Any CPU.Build.0 = Release|Any CPU
		{03109EFC-1417-41B2-87CC-A336538339A9}.Debug|Any CPU.ActiveCfg = Debug|Any CPU
		{03109EFC-1417-41B2-87CC-A336538339A9}.Debug|Any CPU.Build.0 = Debug|Any CPU
		{03109EFC-1417-41B2-87CC-A336538339A9}.Release|Any CPU.ActiveCfg = Release|Any CPU
		{03109EFC-1417-41B2-87CC-A336538339A9}.Release|Any CPU.Build.0 = Release|Any CPU
	EndGlobalSection
EndGlobal
